
Microsoft Visual Studio Solution File, Format Version 12.00
# Visual Studio Version 16
VisualStudioVersion = 16.0.31515.178
MinimumVisualStudioVersion = 10.0.40219.1
Project("{FAE04EC0-301F-11D3-BF4B-00C04F79EFBC}") = "ShopBridgeApi", "src\ShopBridgeApi\ShopBridgeApi.csproj", "{3516E405-3323-4120-9CE2-49A93ABF9EBD}"
EndProject
Global
	GlobalSection(SolutionConfigurationPlatforms) = preSolution
		Debug|Any CPU = Debug|Any CPU
		Release|Any CPU = Release|Any CPU
	EndGlobalSection
	GlobalSection(ProjectConfigurationPlatforms) = postSolution
		{3516E405-3323-4120-9CE2-49A93ABF9EBD}.Debug|Any CPU.ActiveCfg = Debug|Any CPU
		{3516E405-3323-4120-9CE2-49A93ABF9EBD}.Debug|Any CPU.Build.0 = Debug|Any CPU
		{3516E405-3323-4120-9CE2-49A93ABF9EBD}.Release|Any CPU.ActiveCfg = Release|Any CPU
		{3516E405-3323-4120-9CE2-49A93ABF9EBD}.Release|Any CPU.Build.0 = Release|Any CPU
	EndGlobalSection
	GlobalSection(SolutionProperties) = preSolution
		HideSolutionNode = FALSE
	EndGlobalSection
	GlobalSection(ExtensibilityGlobals) = postSolution
		SolutionGuid = {1C6F84BB-08A7-4345-BA74-956E9EAC706C}
	EndGlobalSection
EndGlobal
